// !$*UTF8*$!
{
	archiveVersion = 1;
	classes = {
	};
	objectVersion = 46;
	objects = {

/* Begin PBXBuildFile section */
		3303676B19270853001190FD /* Foundation.framework in Frameworks */ = {isa = PBXBuildFile; fileRef = 3303676A19270853001190FD /* Foundation.framework */; };
		3303676D19270853001190FD /* CoreGraphics.framework in Frameworks */ = {isa = PBXBuildFile; fileRef = 3303676C19270853001190FD /* CoreGraphics.framework */; };
		3303676F19270853001190FD /* UIKit.framework in Frameworks */ = {isa = PBXBuildFile; fileRef = 3303676E19270853001190FD /* UIKit.framework */; };
		3303677519270853001190FD /* InfoPlist.strings in Resources */ = {isa = PBXBuildFile; fileRef = 3303677319270853001190FD /* InfoPlist.strings */; };
		3303677719270853001190FD /* main.m in Sources */ = {isa = PBXBuildFile; fileRef = 3303677619270853001190FD /* main.m */; };
		3303677B19270853001190FD /* skyAppDelegate.m in Sources */ = {isa = PBXBuildFile; fileRef = 3303677A19270853001190FD /* skyAppDelegate.m */; };
		3303677E19270853001190FD /* Main.storyboard in Resources */ = {isa = PBXBuildFile; fileRef = 3303677C19270853001190FD /* Main.storyboard */; };
		3303678A19270853001190FD /* XCTest.framework in Frameworks */ = {isa = PBXBuildFile; fileRef = 3303678919270853001190FD /* XCTest.framework */; };
		3303678B19270853001190FD /* Foundation.framework in Frameworks */ = {isa = PBXBuildFile; fileRef = 3303676A19270853001190FD /* Foundation.framework */; };
		3303678C19270853001190FD /* UIKit.framework in Frameworks */ = {isa = PBXBuildFile; fileRef = 3303676E19270853001190FD /* UIKit.framework */; };
		3303679419270853001190FD /* InfoPlist.strings in Resources */ = {isa = PBXBuildFile; fileRef = 3303679219270853001190FD /* InfoPlist.strings */; };
		3303679619270853001190FD /* ____Tests.m in Sources */ = {isa = PBXBuildFile; fileRef = 3303679519270853001190FD /* ____Tests.m */; };
		330367A11927092E001190FD /* skyTabBarViewController.m in Sources */ = {isa = PBXBuildFile; fileRef = 330367A01927092E001190FD /* skyTabBarViewController.m */; };
		330367A519270A4D001190FD /* skyNavigationViewController.m in Sources */ = {isa = PBXBuildFile; fileRef = 330367A419270A4D001190FD /* skyNavigationViewController.m */; };
		330367A819270D8B001190FD /* Images.xcassets in Resources */ = {isa = PBXBuildFile; fileRef = 330367A719270D8B001190FD /* Images.xcassets */; };
		330367AB19270EED001190FD /* skyTabBar.m in Sources */ = {isa = PBXBuildFile; fileRef = 330367AA19270EED001190FD /* skyTabBar.m */; };
		330367B219271740001190FD /* UIImage+sky.m in Sources */ = {isa = PBXBuildFile; fileRef = 330367B119271740001190FD /* UIImage+sky.m */; };
		330367B519284607001190FD /* skyTabBarItem.m in Sources */ = {isa = PBXBuildFile; fileRef = 330367B419284607001190FD /* skyTabBarItem.m */; };
		332BC53319295C71000DFBCA /* skyCell.m in Sources */ = {isa = PBXBuildFile; fileRef = 332BC53219295C71000DFBCA /* skyCell.m */; };
		332BC53A192975A9000DFBCA /* MBProgressHUD+MJ.m in Sources */ = {isa = PBXBuildFile; fileRef = 332BC536192975A9000DFBCA /* MBProgressHUD+MJ.m */; };
		332BC53B192975A9000DFBCA /* MBProgressHUD.bundle in Resources */ = {isa = PBXBuildFile; fileRef = 332BC537192975A9000DFBCA /* MBProgressHUD.bundle */; };
		332BC53C192975A9000DFBCA /* MBProgressHUD.m in Sources */ = {isa = PBXBuildFile; fileRef = 332BC539192975A9000DFBCA /* MBProgressHUD.m */; };
		332BC54019298F90000DFBCA /* skyCollectionViewController.m in Sources */ = {isa = PBXBuildFile; fileRef = 332BC53F19298F90000DFBCA /* skyCollectionViewController.m */; };
		332BC54419299A9E000DFBCA /* skyProduct.m in Sources */ = {isa = PBXBuildFile; fileRef = 332BC54319299A9E000DFBCA /* skyProduct.m */; };
		332BC54819299BA5000DFBCA /* skyProductCell.m in Sources */ = {isa = PBXBuildFile; fileRef = 332BC54719299BA5000DFBCA /* skyProductCell.m */; };
		33CD8A421928ECAA00E97667 /* skyTitleButton.m in Sources */ = {isa = PBXBuildFile; fileRef = 33CD8A411928ECAA00E97667 /* skyTitleButton.m */; };
		33CD8A451928FDAC00E97667 /* skyBuyViewController.m in Sources */ = {isa = PBXBuildFile; fileRef = 33CD8A441928FDAC00E97667 /* skyBuyViewController.m */; };
		33CD8A4C1928FF2500E97667 /* skysetViewController.m in Sources */ = {isa = PBXBuildFile; fileRef = 33CD8A4B1928FF2500E97667 /* skysetViewController.m */; };
		33CD8A521929141000E97667 /* skyGroupItem.m in Sources */ = {isa = PBXBuildFile; fileRef = 33CD8A511929141000E97667 /* skyGroupItem.m */; };
		33CD8A551929146F00E97667 /* skySetCellItem.m in Sources */ = {isa = PBXBuildFile; fileRef = 33CD8A541929146F00E97667 /* skySetCellItem.m */; };
		33CD8A641929514900E97667 /* skyArrowItem.m in Sources */ = {isa = PBXBuildFile; fileRef = 33CD8A631929514900E97667 /* skyArrowItem.m */; };
		33CD8A671929515F00E97667 /* skySwitchItem.m in Sources */ = {isa = PBXBuildFile; fileRef = 33CD8A661929515F00E97667 /* skySwitchItem.m */; };
/* End PBXBuildFile section */

/* Begin PBXContainerItemProxy section */
		3303678D19270853001190FD /* PBXContainerItemProxy */ = {
			isa = PBXContainerItemProxy;
			containerPortal = 3303675F19270853001190FD /* Project object */;
			proxyType = 1;
			remoteGlobalIDString = 3303676619270853001190FD;
			remoteInfo = "网易彩票";
		};
/* End PBXContainerItemProxy section */

/* Begin PBXFileReference section */
		3303676719270853001190FD /* 网易彩票.app */ = {isa = PBXFileReference; explicitFileType = wrapper.application; includeInIndex = 0; path = "网易彩票.app"; sourceTree = BUILT_PRODUCTS_DIR; };
		3303676A19270853001190FD /* Foundation.framework */ = {isa = PBXFileReference; lastKnownFileType = wrapper.framework; name = Foundation.framework; path = System/Library/Frameworks/Foundation.framework; sourceTree = SDKROOT; };
		3303676C19270853001190FD /* CoreGraphics.framework */ = {isa = PBXFileReference; lastKnownFileType = wrapper.framework; name = CoreGraphics.framework; path = System/Library/Frameworks/CoreGraphics.framework; sourceTree = SDKROOT; };
		3303676E19270853001190FD /* UIKit.framework */ = {isa = PBXFileReference; lastKnownFileType = wrapper.framework; name = UIKit.framework; path = System/Library/Frameworks/UIKit.framework; sourceTree = SDKROOT; };
		3303677219270853001190FD /* 网易彩票-Info.plist */ = {isa = PBXFileReference; lastKnownFileType = text.plist.xml; path = "网易彩票-Info.plist"; sourceTree = "<group>"; };
		3303677419270853001190FD /* en */ = {isa = PBXFileReference; lastKnownFileType = text.plist.strings; name = en; path = en.lproj/InfoPlist.strings; sourceTree = "<group>"; };
		3303677619270853001190FD /* main.m */ = {isa = PBXFileReference; lastKnownFileType = sourcecode.c.objc; path = main.m; sourceTree = "<group>"; };
		3303677819270853001190FD /* 网易彩票-Prefix.pch */ = {isa = PBXFileReference; lastKnownFileType = sourcecode.c.h; path = "网易彩票-Prefix.pch"; sourceTree = "<group>"; };
		3303677919270853001190FD /* skyAppDelegate.h */ = {isa = PBXFileReference; lastKnownFileType = sourcecode.c.h; path = skyAppDelegate.h; sourceTree = "<group>"; };
		3303677A19270853001190FD /* skyAppDelegate.m */ = {isa = PBXFileReference; lastKnownFileType = sourcecode.c.objc; path = skyAppDelegate.m; sourceTree = "<group>"; };
		3303677D19270853001190FD /* Base */ = {isa = PBXFileReference; lastKnownFileType = file.storyboard; name = Base; path = Base.lproj/Main.storyboard; sourceTree = "<group>"; };
		3303678819270853001190FD /* 网易彩票Tests.xctest */ = {isa = PBXFileReference; explicitFileType = wrapper.cfbundle; includeInIndex = 0; path = "网易彩票Tests.xctest"; sourceTree = BUILT_PRODUCTS_DIR; };
		3303678919270853001190FD /* XCTest.framework */ = {isa = PBXFileReference; lastKnownFileType = wrapper.framework; name = XCTest.framework; path = Library/Frameworks/XCTest.framework; sourceTree = DEVELOPER_DIR; };
		3303679119270853001190FD /* 网易彩票Tests-Info.plist */ = {isa = PBXFileReference; lastKnownFileType = text.plist.xml; path = "网易彩票Tests-Info.plist"; sourceTree = "<group>"; };
		3303679319270853001190FD /* en */ = {isa = PBXFileReference; lastKnownFileType = text.plist.strings; name = en; path = en.lproj/InfoPlist.strings; sourceTree = "<group>"; };
		3303679519270853001190FD /* ____Tests.m */ = {isa = PBXFileReference; lastKnownFileType = sourcecode.c.objc; path = "____Tests.m"; sourceTree = "<group>"; };
		3303679F1927092E001190FD /* skyTabBarViewController.h */ = {isa = PBXFileReference; fileEncoding = 4; lastKnownFileType = sourcecode.c.h; path = skyTabBarViewController.h; sourceTree = "<group>"; };
		330367A01927092E001190FD /* skyTabBarViewController.m */ = {isa = PBXFileReference; fileEncoding = 4; lastKnownFileType = sourcecode.c.objc; path = skyTabBarViewController.m; sourceTree = "<group>"; };
		330367A319270A4D001190FD /* skyNavigationViewController.h */ = {isa = PBXFileReference; fileEncoding = 4; lastKnownFileType = sourcecode.c.h; path = skyNavigationViewController.h; sourceTree = "<group>"; };
		330367A419270A4D001190FD /* skyNavigationViewController.m */ = {isa = PBXFileReference; fileEncoding = 4; lastKnownFileType = sourcecode.c.objc; path = skyNavigationViewController.m; sourceTree = "<group>"; };
		330367A719270D8B001190FD /* Images.xcassets */ = {isa = PBXFileReference; lastKnownFileType = folder.assetcatalog; path = Images.xcassets; sourceTree = "<group>"; };
		330367A919270EED001190FD /* skyTabBar.h */ = {isa = PBXFileReference; fileEncoding = 4; lastKnownFileType = sourcecode.c.h; path = skyTabBar.h; sourceTree = "<group>"; };
		330367AA19270EED001190FD /* skyTabBar.m */ = {isa = PBXFileReference; fileEncoding = 4; lastKnownFileType = sourcecode.c.objc; path = skyTabBar.m; sourceTree = "<group>"; };
		330367B019271740001190FD /* UIImage+sky.h */ = {isa = PBXFileReference; fileEncoding = 4; lastKnownFileType = sourcecode.c.h; path = "UIImage+sky.h"; sourceTree = "<group>"; };
		330367B119271740001190FD /* UIImage+sky.m */ = {isa = PBXFileReference; fileEncoding = 4; lastKnownFileType = sourcecode.c.objc; path = "UIImage+sky.m"; sourceTree = "<group>"; };
		330367B319284607001190FD /* skyTabBarItem.h */ = {isa = PBXFileReference; fileEncoding = 4; lastKnownFileType = sourcecode.c.h; path = skyTabBarItem.h; sourceTree = "<group>"; };
		330367B419284607001190FD /* skyTabBarItem.m */ = {isa = PBXFileReference; fileEncoding = 4; lastKnownFileType = sourcecode.c.objc; path = skyTabBarItem.m; sourceTree = "<group>"; };
		332BC53119295C71000DFBCA /* skyCell.h */ = {isa = PBXFileReference; fileEncoding = 4; lastKnownFileType = sourcecode.c.h; path = skyCell.h; sourceTree = "<group>"; };
		332BC53219295C71000DFBCA /* skyCell.m */ = {isa = PBXFileReference; fileEncoding = 4; lastKnownFileType = sourcecode.c.objc; path = skyCell.m; sourceTree = "<group>"; };
		332BC535192975A9000DFBCA /* MBProgressHUD+MJ.h */ = {isa = PBXFileReference; fileEncoding = 4; lastKnownFileType = sourcecode.c.h; path = "MBProgressHUD+MJ.h"; sourceTree = "<group>"; };
		332BC536192975A9000DFBCA /* MBProgressHUD+MJ.m */ = {isa = PBXFileReference; fileEncoding = 4; lastKnownFileType = sourcecode.c.objc; path = "MBProgressHUD+MJ.m"; sourceTree = "<group>"; };
		332BC537192975A9000DFBCA /* MBProgressHUD.bundle */ = {isa = PBXFileReference; lastKnownFileType = "wrapper.plug-in"; path = MBProgressHUD.bundle; sourceTree = "<group>"; };
		332BC538192975A9000DFBCA /* MBProgressHUD.h */ = {isa = PBXFileReference; fileEncoding = 4; lastKnownFileType = sourcecode.c.h; path = MBProgressHUD.h; sourceTree = "<group>"; };
		332BC539192975A9000DFBCA /* MBProgressHUD.m */ = {isa = PBXFileReference; fileEncoding = 4; lastKnownFileType = sourcecode.c.objc; path = MBProgressHUD.m; sourceTree = "<group>"; };
		332BC53E19298F90000DFBCA /* skyCollectionViewController.h */ = {isa = PBXFileReference; fileEncoding = 4; lastKnownFileType = sourcecode.c.h; path = skyCollectionViewController.h; sourceTree = "<group>"; };
		332BC53F19298F90000DFBCA /* skyCollectionViewController.m */ = {isa = PBXFileReference; fileEncoding = 4; lastKnownFileType = sourcecode.c.objc; path = skyCollectionViewController.m; sourceTree = "<group>"; };
		332BC54219299A9E000DFBCA /* skyProduct.h */ = {isa = PBXFileReference; fileEncoding = 4; lastKnownFileType = sourcecode.c.h; path = skyProduct.h; sourceTree = "<group>"; };
		332BC54319299A9E000DFBCA /* skyProduct.m */ = {isa = PBXFileReference; fileEncoding = 4; lastKnownFileType = sourcecode.c.objc; path = skyProduct.m; sourceTree = "<group>"; };
		332BC54619299BA5000DFBCA /* skyProductCell.h */ = {isa = PBXFileReference; fileEncoding = 4; lastKnownFileType = sourcecode.c.h; path = skyProductCell.h; sourceTree = "<group>"; };
		332BC54719299BA5000DFBCA /* skyProductCell.m */ = {isa = PBXFileReference; fileEncoding = 4; lastKnownFileType = sourcecode.c.objc; path = skyProductCell.m; sourceTree = "<group>"; };
		33CD8A401928ECAA00E97667 /* skyTitleButton.h */ = {isa = PBXFileReference; fileEncoding = 4; lastKnownFileType = sourcecode.c.h; path = skyTitleButton.h; sourceTree = "<group>"; };
		33CD8A411928ECAA00E97667 /* skyTitleButton.m */ = {isa = PBXFileReference; fileEncoding = 4; lastKnownFileType = sourcecode.c.objc; path = skyTitleButton.m; sourceTree = "<group>"; };
		33CD8A431928FDAC00E97667 /* skyBuyViewController.h */ = {isa = PBXFileReference; fileEncoding = 4; lastKnownFileType = sourcecode.c.h; path = skyBuyViewController.h; sourceTree = "<group>"; };
		33CD8A441928FDAC00E97667 /* skyBuyViewController.m */ = {isa = PBXFileReference; fileEncoding = 4; lastKnownFileType = sourcecode.c.objc; path = skyBuyViewController.m; sourceTree = "<group>"; };
		33CD8A4A1928FF2500E97667 /* skysetViewController.h */ = {isa = PBXFileReference; fileEncoding = 4; lastKnownFileType = sourcecode.c.h; path = skysetViewController.h; sourceTree = "<group>"; };
		33CD8A4B1928FF2500E97667 /* skysetViewController.m */ = {isa = PBXFileReference; fileEncoding = 4; lastKnownFileType = sourcecode.c.objc; path = skysetViewController.m; sourceTree = "<group>"; };
		33CD8A501929141000E97667 /* skyGroupItem.h */ = {isa = PBXFileReference; fileEncoding = 4; lastKnownFileType = sourcecode.c.h; path = skyGroupItem.h; sourceTree = "<group>"; };
		33CD8A511929141000E97667 /* skyGroupItem.m */ = {isa = PBXFileReference; fileEncoding = 4; lastKnownFileType = sourcecode.c.objc; path = skyGroupItem.m; sourceTree = "<group>"; };
		33CD8A531929146F00E97667 /* skySetCellItem.h */ = {isa = PBXFileReference; fileEncoding = 4; lastKnownFileType = sourcecode.c.h; path = skySetCellItem.h; sourceTree = "<group>"; };
		33CD8A541929146F00E97667 /* skySetCellItem.m */ = {isa = PBXFileReference; fileEncoding = 4; lastKnownFileType = sourcecode.c.objc; path = skySetCellItem.m; sourceTree = "<group>"; };
		33CD8A621929514900E97667 /* skyArrowItem.h */ = {isa = PBXFileReference; fileEncoding = 4; lastKnownFileType = sourcecode.c.h; path = skyArrowItem.h; sourceTree = "<group>"; };
		33CD8A631929514900E97667 /* skyArrowItem.m */ = {isa = PBXFileReference; fileEncoding = 4; lastKnownFileType = sourcecode.c.objc; path = skyArrowItem.m; sourceTree = "<group>"; };
		33CD8A651929515F00E97667 /* skySwitchItem.h */ = {isa = PBXFileReference; fileEncoding = 4; lastKnownFileType = sourcecode.c.h; path = skySwitchItem.h; sourceTree = "<group>"; };
		33CD8A661929515F00E97667 /* skySwitchItem.m */ = {isa = PBXFileReference; fileEncoding = 4; lastKnownFileType = sourcecode.c.objc; path = skySwitchItem.m; sourceTree = "<group>"; };
/* End PBXFileReference section */

/* Begin PBXFrameworksBuildPhase section */
		3303676419270853001190FD /* Frameworks */ = {
			isa = PBXFrameworksBuildPhase;
			buildActionMask = 2147483647;
			files = (
				3303676D19270853001190FD /* CoreGraphics.framework in Frameworks */,
				3303676F19270853001190FD /* UIKit.framework in Frameworks */,
				3303676B19270853001190FD /* Foundation.framework in Frameworks */,
			);
			runOnlyForDeploymentPostprocessing = 0;
		};
		3303678519270853001190FD /* Frameworks */ = {
			isa = PBXFrameworksBuildPhase;
			buildActionMask = 2147483647;
			files = (
				3303678A19270853001190FD /* XCTest.framework in Frameworks */,
				3303678C19270853001190FD /* UIKit.framework in Frameworks */,
				3303678B19270853001190FD /* Foundation.framework in Frameworks */,
			);
			runOnlyForDeploymentPostprocessing = 0;
		};
/* End PBXFrameworksBuildPhase section */

/* Begin PBXGroup section */
		3303675E19270853001190FD = {
			isa = PBXGroup;
			children = (
				3303677019270853001190FD /* 网易彩票 */,
				3303678F19270853001190FD /* 网易彩票Tests */,
				3303676919270853001190FD /* Frameworks */,
				3303676819270853001190FD /* Products */,
			);
			sourceTree = "<group>";
		};
		3303676819270853001190FD /* Products */ = {
			isa = PBXGroup;
			children = (
				3303676719270853001190FD /* 网易彩票.app */,
				3303678819270853001190FD /* 网易彩票Tests.xctest */,
			);
			name = Products;
			sourceTree = "<group>";
		};
		3303676919270853001190FD /* Frameworks */ = {
			isa = PBXGroup;
			children = (
				3303676A19270853001190FD /* Foundation.framework */,
				3303676C19270853001190FD /* CoreGraphics.framework */,
				3303676E19270853001190FD /* UIKit.framework */,
				3303678919270853001190FD /* XCTest.framework */,
			);
			name = Frameworks;
			sourceTree = "<group>";
		};
		3303677019270853001190FD /* 网易彩票 */ = {
			isa = PBXGroup;
			children = (
				332BC53D19298E58000DFBCA /* products */,
				33CD8A461928FEF300E97667 /* set */,
				33CD8A3C1928EAC100E97667 /* buy */,
				330367AC1927135B001190FD /* Category */,
				330367A619270A57001190FD /* skyNavigationViewController */,
				330367A219270948001190FD /* skyTabBarController */,
				3303677919270853001190FD /* skyAppDelegate.h */,
				3303677A19270853001190FD /* skyAppDelegate.m */,
				3303677C19270853001190FD /* Main.storyboard */,
				330367A719270D8B001190FD /* Images.xcassets */,
				3303677119270853001190FD /* Supporting Files */,
			);
			path = "网易彩票";
			sourceTree = "<group>";
		};
		3303677119270853001190FD /* Supporting Files */ = {
			isa = PBXGroup;
			children = (
				3303677219270853001190FD /* 网易彩票-Info.plist */,
				3303677319270853001190FD /* InfoPlist.strings */,
				3303677619270853001190FD /* main.m */,
				3303677819270853001190FD /* 网易彩票-Prefix.pch */,
			);
			name = "Supporting Files";
			sourceTree = "<group>";
		};
		3303678F19270853001190FD /* 网易彩票Tests */ = {
			isa = PBXGroup;
			children = (
				3303679519270853001190FD /* ____Tests.m */,
				3303679019270853001190FD /* Supporting Files */,
			);
			path = "网易彩票Tests";
			sourceTree = "<group>";
		};
		3303679019270853001190FD /* Supporting Files */ = {
			isa = PBXGroup;
			children = (
				3303679119270853001190FD /* 网易彩票Tests-Info.plist */,
				3303679219270853001190FD /* InfoPlist.strings */,
			);
			name = "Supporting Files";
			sourceTree = "<group>";
		};
		330367A219270948001190FD /* skyTabBarController */ = {
			isa = PBXGroup;
			children = (
				3303679F1927092E001190FD /* skyTabBarViewController.h */,
				330367A01927092E001190FD /* skyTabBarViewController.m */,
				330367B319284607001190FD /* skyTabBarItem.h */,
				330367B419284607001190FD /* skyTabBarItem.m */,
				330367A919270EED001190FD /* skyTabBar.h */,
				330367AA19270EED001190FD /* skyTabBar.m */,
			);
			name = skyTabBarController;
			sourceTree = "<group>";
		};
		330367A619270A57001190FD /* skyNavigationViewController */ = {
			isa = PBXGroup;
			children = (
				330367A319270A4D001190FD /* skyNavigationViewController.h */,
				330367A419270A4D001190FD /* skyNavigationViewController.m */,
			);
			name = skyNavigationViewController;
			sourceTree = "<group>";
		};
		330367AC1927135B001190FD /* Category */ = {
			isa = PBXGroup;
			children = (
				330367B019271740001190FD /* UIImage+sky.h */,
				330367B119271740001190FD /* UIImage+sky.m */,
			);
			name = Category;
			sourceTree = "<group>";
		};
		332BC534192975A9000DFBCA /* MBProgressHUD */ = {
			isa = PBXGroup;
			children = (
				332BC535192975A9000DFBCA /* MBProgressHUD+MJ.h */,
				332BC536192975A9000DFBCA /* MBProgressHUD+MJ.m */,
				332BC537192975A9000DFBCA /* MBProgressHUD.bundle */,
				332BC538192975A9000DFBCA /* MBProgressHUD.h */,
				332BC539192975A9000DFBCA /* MBProgressHUD.m */,
			);
			path = MBProgressHUD;
			sourceTree = "<group>";
		};
		332BC53D19298E58000DFBCA /* products */ = {
			isa = PBXGroup;
			children = (
				332BC54519299B78000DFBCA /* viewCell */,
				332BC54119299A80000DFBCA /* product */,
				332BC53E19298F90000DFBCA /* skyCollectionViewController.h */,
				332BC53F19298F90000DFBCA /* skyCollectionViewController.m */,
			);
			name = products;
			sourceTree = "<group>";
		};
		332BC54119299A80000DFBCA /* product */ = {
			isa = PBXGroup;
			children = (
				332BC54219299A9E000DFBCA /* skyProduct.h */,
				332BC54319299A9E000DFBCA /* skyProduct.m */,
			);
			name = product;
			sourceTree = "<group>";
		};
		332BC54519299B78000DFBCA /* viewCell */ = {
			isa = PBXGroup;
			children = (
				332BC54619299BA5000DFBCA /* skyProductCell.h */,
				332BC54719299BA5000DFBCA /* skyProductCell.m */,
			);
			name = viewCell;
			sourceTree = "<group>";
		};
		33CD8A3C1928EAC100E97667 /* buy */ = {
			isa = PBXGroup;
			children = (
				33CD8A401928ECAA00E97667 /* skyTitleButton.h */,
				33CD8A411928ECAA00E97667 /* skyTitleButton.m */,
				33CD8A431928FDAC00E97667 /* skyBuyViewController.h */,
				33CD8A441928FDAC00E97667 /* skyBuyViewController.m */,
			);
			name = buy;
			sourceTree = "<group>";
		};
		33CD8A461928FEF300E97667 /* set */ = {
			isa = PBXGroup;
			children = (
				332BC534192975A9000DFBCA /* MBProgressHUD */,
				33CD8A491928FF0A00E97667 /* Controller */,
				33CD8A481928FF0300E97667 /* view */,
				33CD8A471928FEFA00E97667 /* model */,
			);
			name = set;
			sourceTree = "<group>";
		};
		33CD8A471928FEFA00E97667 /* model */ = {
			isa = PBXGroup;
			children = (
				33CD8A501929141000E97667 /* skyGroupItem.h */,
				33CD8A511929141000E97667 /* skyGroupItem.m */,
				33CD8A531929146F00E97667 /* skySetCellItem.h */,
				33CD8A541929146F00E97667 /* skySetCellItem.m */,
				33CD8A621929514900E97667 /* skyArrowItem.h */,
				33CD8A631929514900E97667 /* skyArrowItem.m */,
				33CD8A651929515F00E97667 /* skySwitchItem.h */,
				33CD8A661929515F00E97667 /* skySwitchItem.m */,
			);
			name = model;
			sourceTree = "<group>";
		};
		33CD8A481928FF0300E97667 /* view */ = {
			isa = PBXGroup;
			children = (
				332BC53119295C71000DFBCA /* skyCell.h */,
				332BC53219295C71000DFBCA /* skyCell.m */,
			);
			name = view;
			sourceTree = "<group>";
		};
		33CD8A491928FF0A00E97667 /* Controller */ = {
			isa = PBXGroup;
			children = (
				33CD8A4A1928FF2500E97667 /* skysetViewController.h */,
				33CD8A4B1928FF2500E97667 /* skysetViewController.m */,
			);
			name = Controller;
			sourceTree = "<group>";
		};
/* End PBXGroup section */

/* Begin PBXNativeTarget section */
		3303676619270853001190FD /* 网易彩票 */ = {
			isa = PBXNativeTarget;
			buildConfigurationList = 3303679919270853001190FD /* Build configuration list for PBXNativeTarget "网易彩票" */;
			buildPhases = (
				3303676319270853001190FD /* Sources */,
				3303676419270853001190FD /* Frameworks */,
				3303676519270853001190FD /* Resources */,
			);
			buildRules = (
			);
			dependencies = (
			);
			name = "网易彩票";
			productName = "网易彩票";
			productReference = 3303676719270853001190FD /* 网易彩票.app */;
			productType = "com.apple.product-type.application";
		};
		3303678719270853001190FD /* 网易彩票Tests */ = {
			isa = PBXNativeTarget;
			buildConfigurationList = 3303679C19270853001190FD /* Build configuration list for PBXNativeTarget "网易彩票Tests" */;
			buildPhases = (
				3303678419270853001190FD /* Sources */,
				3303678519270853001190FD /* Frameworks */,
				3303678619270853001190FD /* Resources */,
			);
			buildRules = (
			);
			dependencies = (
				3303678E19270853001190FD /* PBXTargetDependency */,
			);
			name = "网易彩票Tests";
			productName = "网易彩票Tests";
			productReference = 3303678819270853001190FD /* 网易彩票Tests.xctest */;
			productType = "com.apple.product-type.bundle.unit-test";
		};
/* End PBXNativeTarget section */

/* Begin PBXProject section */
		3303675F19270853001190FD /* Project object */ = {
			isa = PBXProject;
			attributes = {
				CLASSPREFIX = sky;
				LastUpgradeCheck = 0510;
				ORGANIZATIONNAME = sky;
				TargetAttributes = {
					3303678719270853001190FD = {
						TestTargetID = 3303676619270853001190FD;
					};
				};
			};
			buildConfigurationList = 3303676219270853001190FD /* Build configuration list for PBXProject "网易彩票" */;
			compatibilityVersion = "Xcode 3.2";
			developmentRegion = English;
			hasScannedForEncodings = 0;
			knownRegions = (
				en,
				Base,
			);
			mainGroup = 3303675E19270853001190FD;
			productRefGroup = 3303676819270853001190FD /* Products */;
			projectDirPath = "";
			projectRoot = "";
			targets = (
				3303676619270853001190FD /* 网易彩票 */,
				3303678719270853001190FD /* 网易彩票Tests */,
			);
		};
/* End PBXProject section */

/* Begin PBXResourcesBuildPhase section */
		3303676519270853001190FD /* Resources */ = {
			isa = PBXResourcesBuildPhase;
			buildActionMask = 2147483647;
			files = (
				330367A819270D8B001190FD /* Images.xcassets in Resources */,
				332BC53B192975A9000DFBCA /* MBProgressHUD.bundle in Resources */,
				3303677519270853001190FD /* InfoPlist.strings in Resources */,
				3303677E19270853001190FD /* Main.storyboard in Resources */,
			);
			runOnlyForDeploymentPostprocessing = 0;
		};
		3303678619270853001190FD /* Resources */ = {
			isa = PBXResourcesBuildPhase;
			buildActionMask = 2147483647;
			files = (
				3303679419270853001190FD /* InfoPlist.strings in Resources */,
			);
			runOnlyForDeploymentPostprocessing = 0;
		};
/* End PBXResourcesBuildPhase section */

/* Begin PBXSourcesBuildPhase section */
		3303676319270853001190FD /* Sources */ = {
			isa = PBXSourcesBuildPhase;
			buildActionMask = 2147483647;
			files = (
				33CD8A421928ECAA00E97667 /* skyTitleButton.m in Sources */,
				332BC53319295C71000DFBCA /* skyCell.m in Sources */,
				33CD8A4C1928FF2500E97667 /* skysetViewController.m in Sources */,
				332BC54819299BA5000DFBCA /* skyProductCell.m in Sources */,
				330367B519284607001190FD /* skyTabBarItem.m in Sources */,
				332BC53A192975A9000DFBCA /* MBProgressHUD+MJ.m in Sources */,
				33CD8A451928FDAC00E97667 /* skyBuyViewController.m in Sources */,
				3303677B19270853001190FD /* skyAppDelegate.m in Sources */,
				332BC53C192975A9000DFBCA /* MBProgressHUD.m in Sources */,
				332BC54019298F90000DFBCA /* skyCollectionViewController.m in Sources */,
				33CD8A671929515F00E97667 /* skySwitchItem.m in Sources */,
				332BC54419299A9E000DFBCA /* skyProduct.m in Sources */,
				330367A11927092E001190FD /* skyTabBarViewController.m in Sources */,
				330367A519270A4D001190FD /* skyNavigationViewController.m in Sources */,
				33CD8A521929141000E97667 /* skyGroupItem.m in Sources */,
				33CD8A551929146F00E97667 /* skySetCellItem.m in Sources */,
				330367B219271740001190FD /* UIImage+sky.m in Sources */,
				3303677719270853001190FD /* main.m in Sources */,
				33CD8A641929514900E97667 /* skyArrowItem.m in Sources */,
				330367AB19270EED001190FD /* skyTabBar.m in Sources */,
			);
			runOnlyForDeploymentPostprocessing = 0;
		};
		3303678419270853001190FD /* Sources */ = {
			isa = PBXSourcesBuildPhase;
			buildActionMask = 2147483647;
			files = (
				3303679619270853001190FD /* ____Tests.m in Sources */,
			);
			runOnlyForDeploymentPostprocessing = 0;
		};
/* End PBXSourcesBuildPhase section */

/* Begin PBXTargetDependency section */
		3303678E19270853001190FD /* PBXTargetDependency */ = {
			isa = PBXTargetDependency;
			target = 3303676619270853001190FD /* 网易彩票 */;
			targetProxy = 3303678D19270853001190FD /* PBXContainerItemProxy */;
		};
/* End PBXTargetDependency section */

/* Begin PBXVariantGroup section */
		3303677319270853001190FD /* InfoPlist.strings */ = {
			isa = PBXVariantGroup;
			children = (
				3303677419270853001190FD /* en */,
			);
			name = InfoPlist.strings;
			sourceTree = "<group>";
		};
		3303677C19270853001190FD /* Main.storyboard */ = {
			isa = PBXVariantGroup;
			children = (
				3303677D19270853001190FD /* Base */,
			);
			name = Main.storyboard;
			sourceTree = "<group>";
		};
		3303679219270853001190FD /* InfoPlist.strings */ = {
			isa = PBXVariantGroup;
			children = (
				3303679319270853001190FD /* en */,
			);
			name = InfoPlist.strings;
			sourceTree = "<group>";
		};
/* End PBXVariantGroup section */

/* Begin XCBuildConfiguration section */
		3303679719270853001190FD /* Debug */ = {
			isa = XCBuildConfiguration;
			buildSettings = {
				ALWAYS_SEARCH_USER_PATHS = NO;
				CLANG_CXX_LANGUAGE_STANDARD = "gnu++0x";
				CLANG_CXX_LIBRARY = "libc++";
				CLANG_ENABLE_MODULES = YES;
				CLANG_ENABLE_OBJC_ARC = YES;
				CLANG_WARN_BOOL_CONVERSION = YES;
				CLANG_WARN_CONSTANT_CONVERSION = YES;
				CLANG_WARN_DIRECT_OBJC_ISA_USAGE = YES_ERROR;
				CLANG_WARN_EMPTY_BODY = YES;
				CLANG_WARN_ENUM_CONVERSION = YES;
				CLANG_WARN_INT_CONVERSION = YES;
				CLANG_WARN_OBJC_ROOT_CLASS = YES_ERROR;
				CLANG_WARN__DUPLICATE_METHOD_MATCH = YES;
				"CODE_SIGN_IDENTITY[sdk=iphoneos*]" = "iPhone Developer";
				COPY_PHASE_STRIP = NO;
				GCC_C_LANGUAGE_STANDARD = gnu99;
				GCC_DYNAMIC_NO_PIC = NO;
				GCC_OPTIMIZATION_LEVEL = 0;
				GCC_PREPROCESSOR_DEFINITIONS = (
					"DEBUG=1",
					"$(inherited)",
				);
				GCC_SYMBOLS_PRIVATE_EXTERN = NO;
				GCC_WARN_64_TO_32_BIT_CONVERSION = YES;
				GCC_WARN_ABOUT_RETURN_TYPE = YES_ERROR;
				GCC_WARN_UNDECLARED_SELECTOR = YES;
				GCC_WARN_UNINITIALIZED_AUTOS = YES_AGGRESSIVE;
				GCC_WARN_UNUSED_FUNCTION = YES;
				GCC_WARN_UNUSED_VARIABLE = YES;
				IPHONEOS_DEPLOYMENT_TARGET = 7.1;
				ONLY_ACTIVE_ARCH = YES;
				SDKROOT = iphoneos;
			};
			name = Debug;
		};
		3303679819270853001190FD /* Release */ = {
			isa = XCBuildConfiguration;
			buildSettings = {
				ALWAYS_SEARCH_USER_PATHS = NO;
				CLANG_CXX_LANGUAGE_STANDARD = "gnu++0x";
				CLANG_CXX_LIBRARY = "libc++";
				CLANG_ENABLE_MODULES = YES;
				CLANG_ENABLE_OBJC_ARC = YES;
				CLANG_WARN_BOOL_CONVERSION = YES;
				CLANG_WARN_CONSTANT_CONVERSION = YES;
				CLANG_WARN_DIRECT_OBJC_ISA_USAGE = YES_ERROR;
				CLANG_WARN_EMPTY_BODY = YES;
				CLANG_WARN_ENUM_CONVERSION = YES;
				CLANG_WARN_INT_CONVERSION = YES;
				CLANG_WARN_OBJC_ROOT_CLASS = YES_ERROR;
				CLANG_WARN__DUPLICATE_METHOD_MATCH = YES;
				"CODE_SIGN_IDENTITY[sdk=iphoneos*]" = "iPhone Developer";
				COPY_PHASE_STRIP = YES;
				ENABLE_NS_ASSERTIONS = NO;
				GCC_C_LANGUAGE_STANDARD = gnu99;
				GCC_WARN_64_TO_32_BIT_CONVERSION = YES;
				GCC_WARN_ABOUT_RETURN_TYPE = YES_ERROR;
				GCC_WARN_UNDECLARED_SELECTOR = YES;
				GCC_WARN_UNINITIALIZED_AUTOS = YES_AGGRESSIVE;
				GCC_WARN_UNUSED_FUNCTION = YES;
				GCC_WARN_UNUSED_VARIABLE = YES;
				IPHONEOS_DEPLOYMENT_TARGET = 7.1;
				SDKROOT = iphoneos;
				VALIDATE_PRODUCT = YES;
			};
			name = Release;
		};
		3303679A19270853001190FD /* Debug */ = {
			isa = XCBuildConfiguration;
			buildSettings = {
				ASSETCATALOG_COMPILER_APPICON_NAME = AppIcon;
				ASSETCATALOG_COMPILER_LAUNCHIMAGE_NAME = LaunchImage;
				GCC_PRECOMPILE_PREFIX_HEADER = YES;
				GCC_PREFIX_HEADER = "网易彩票/网易彩票-Prefix.pch";
				INFOPLIST_FILE = "网易彩票/网易彩票-Info.plist";
				IPHONEOS_DEPLOYMENT_TARGET = 6.1;
				PRODUCT_NAME = "$(TARGET_NAME)";
				WRAPPER_EXTENSION = app;
			};
			name = Debug;
		};
		3303679B19270853001190FD /* Release */ = {
			isa = XCBuildConfiguration;
			buildSettings = {
				ASSETCATALOG_COMPILER_APPICON_NAME = AppIcon;
				ASSETCATALOG_COMPILER_LAUNCHIMAGE_NAME = LaunchImage;
				GCC_PRECOMPILE_PREFIX_HEADER = YES;
				GCC_PREFIX_HEADER = "网易彩票/网易彩票-Prefix.pch";
				INFOPLIST_FILE = "网易彩票/网易彩票-Info.plist";
				IPHONEOS_DEPLOYMENT_TARGET = 6.1;
				PRODUCT_NAME = "$(TARGET_NAME)";
				WRAPPER_EXTENSION = app;
			};
			name = Release;
		};
		3303679D19270853001190FD /* Debug */ = {
			isa = XCBuildConfiguration;
			buildSettings = {
				BUNDLE_LOADER = "$(BUILT_PRODUCTS_DIR)/网易彩票.app/网易彩票";
				FRAMEWORK_SEARCH_PATHS = (
					"$(SDKROOT)/Developer/Library/Frameworks",
					"$(inherited)",
					"$(DEVELOPER_FRAMEWORKS_DIR)",
				);
				GCC_PRECOMPILE_PREFIX_HEADER = YES;
				GCC_PREFIX_HEADER = "网易彩票/网易彩票-Prefix.pch";
				GCC_PREPROCESSOR_DEFINITIONS = (
					"DEBUG=1",
					"$(inherited)",
				);
				INFOPLIST_FILE = "网易彩票Tests/网易彩票Tests-Info.plist";
				PRODUCT_NAME = "$(TARGET_NAME)";
				TEST_HOST = "$(BUNDLE_LOADER)";
				WRAPPER_EXTENSION = xctest;
			};
			name = Debug;
		};
		3303679E19270853001190FD /* Release */ = {
			isa = XCBuildConfiguration;
			buildSettings = {
				BUNDLE_LOADER = "$(BUILT_PRODUCTS_DIR)/网易彩票.app/网易彩票";
				FRAMEWORK_SEARCH_PATHS = (
					"$(SDKROOT)/Developer/Library/Frameworks",
					"$(inherited)",
					"$(DEVELOPER_FRAMEWORKS_DIR)",
				);
				GCC_PRECOMPILE_PREFIX_HEADER = YES;
				GCC_PREFIX_HEADER = "网易彩票/网易彩票-Prefix.pch";
				INFOPLIST_FILE = "网易彩票Tests/网易彩票Tests-Info.plist";
				PRODUCT_NAME = "$(TARGET_NAME)";
				TEST_HOST = "$(BUNDLE_LOADER)";
				WRAPPER_EXTENSION = xctest;
			};
			name = Release;
		};
/* End XCBuildConfiguration section */

/* Begin XCConfigurationList section */
		3303676219270853001190FD /* Build configuration list for PBXProject "网易彩票" */ = {
			isa = XCConfigurationList;
			buildConfigurations = (
				3303679719270853001190FD /* Debug */,
				3303679819270853001190FD /* Release */,
			);
			defaultConfigurationIsVisible = 0;
			defaultConfigurationName = Release;
		};
		3303679919270853001190FD /* Build configuration list for PBXNativeTarget "网易彩票" */ = {
			isa = XCConfigurationList;
			buildConfigurations = (
				3303679A19270853001190FD /* Debug */,
				3303679B19270853001190FD /* Release */,
			);
			defaultConfigurationIsVisible = 0;
			defaultConfigurationName = Release;
		};
		3303679C19270853001190FD /* Build configuration list for PBXNativeTarget "网易彩票Tests" */ = {
			isa = XCConfigurationList;
			buildConfigurations = (
				3303679D19270853001190FD /* Debug */,
				3303679E19270853001190FD /* Release */,
			);
			defaultConfigurationIsVisible = 0;
			defaultConfigurationName = Release;
		};
/* End XCConfigurationList section */
	};
	rootObject = 3303675F19270853001190FD /* Project object */;
}
